<?xml version="1.0" encoding="utf-8"?>
<Project ToolsVersion="4.0" xmlns="http://schemas.microsoft.com/developer/msbuild/2003">
  <ItemGroup>
    <Filter Include="소스 파일">
      <UniqueIdentifier>{4FC737F1-C7A5-4376-A066-2A32D752A2FF}</UniqueIdentifier>
      <Extensions>cpp;c;cc;cxx;c++;cppm;ixx;def;odl;idl;hpj;bat;asm;asmx</Extensions>
    </Filter>
    <Filter Include="헤더 파일">
      <UniqueIdentifier>{93995380-89BD-4b04-88EB-625FBE52EBFB}</UniqueIdentifier>
      <Extensions>h;hh;hpp;hxx;h++;hm;inl;inc;ipp;xsd</Extensions>
    </Filter>
    <Filter Include="리소스 파일">
      <UniqueIdentifier>{67DA6AB6-F800-4c08-8B7A-83BB121AAD01}</UniqueIdentifier>
      <Extensions>rc;ico;cur;bmp;dlg;rc2;rct;bin;rgs;gif;jpg;jpeg;jpe;resx;tiff;tif;png;wav;mfcribbon-ms</Extensions>
    </Filter>
    <Filter Include="소스 파일\02.Core">
      <UniqueIdentifier>{c05bc24b-808a-4662-afef-e77a130fad24}</UniqueIdentifier>
    </Filter>
    <Filter Include="소스 파일\01.Utility">
      <UniqueIdentifier>{e1d13d68-0692-4482-bc14-4b02f847f76b}</UniqueIdentifier>
    </Filter>
    <Filter Include="소스 파일\03.Type">
      <UniqueIdentifier>{1a4b8345-33a2-4282-84fb-d1be745bc863}</UniqueIdentifier>
    </Filter>
    <Filter Include="소스 파일\05.Script">
      <UniqueIdentifier>{a5efc49e-2bfd-44c8-9e95-526a7e39b9a7}</UniqueIdentifier>
    </Filter>
    <Filter Include="소스 파일\04.Object">
      <UniqueIdentifier>{c2c230dc-7990-4481-810c-8df5a2ed48b2}</UniqueIdentifier>
    </Filter>
    <Filter Include="소스 파일\04.Object\Component">
      <UniqueIdentifier>{e07bab64-05e5-4300-867d-2acfc53e73ce}</UniqueIdentifier>
    </Filter>
    <Filter Include="소스 파일\01.Utility\Manager">
      <UniqueIdentifier>{4e8442df-aea7-4d45-b96a-3aac40e915aa}</UniqueIdentifier>
    </Filter>
    <Filter Include="소스 파일\06.Resource">
      <UniqueIdentifier>{2b905e9a-cee1-4068-9b77-cab862c12ae1}</UniqueIdentifier>
    </Filter>
  </ItemGroup>
  <ItemGroup>
    <ClInclude Include="framework.h">
      <Filter>헤더 파일</Filter>
    </ClInclude>
    <ClInclude Include="targetver.h">
      <Filter>헤더 파일</Filter>
    </ClInclude>
    <ClInclude Include="BaseWindow.h">
      <Filter>소스 파일\02.Core</Filter>
    </ClInclude>
    <ClInclude Include="GameLogic.h">
      <Filter>소스 파일\02.Core</Filter>
    </ClInclude>
    <ClInclude Include="Define.h">
      <Filter>소스 파일\02.Core</Filter>
    </ClInclude>
    <ClInclude Include="Scene.h">
      <Filter>소스 파일\01.Utility</Filter>
    </ClInclude>
    <ClInclude Include="Vector2.h">
      <Filter>소스 파일\03.Type</Filter>
    </ClInclude>
    <ClInclude Include="GameObject.h">
      <Filter>소스 파일\04.Object</Filter>
    </ClInclude>
    <ClInclude Include="Collider.h">
      <Filter>소스 파일\04.Object\Component</Filter>
    </ClInclude>
    <ClInclude Include="SpriteRendere.h">
      <Filter>소스 파일\04.Object\Component</Filter>
    </ClInclude>
    <ClInclude Include="Transform.h">
      <Filter>소스 파일\04.Object\Component</Filter>
    </ClInclude>
    <ClInclude Include="Object.h">
      <Filter>소스 파일\04.Object</Filter>
    </ClInclude>
    <ClInclude Include="Component.h">
      <Filter>소스 파일\04.Object</Filter>
    </ClInclude>
    <ClInclude Include="MonoBehaviour.h">
      <Filter>소스 파일\04.Object\Component</Filter>
    </ClInclude>
    <ClInclude Include="PlayerController.h">
      <Filter>소스 파일\05.Script</Filter>
    </ClInclude>
    <ClInclude Include="pch.h">
      <Filter>소스 파일\01.Utility</Filter>
    </ClInclude>
    <ClInclude Include="InputManager.h">
      <Filter>소스 파일\01.Utility\Manager</Filter>
    </ClInclude>
    <ClInclude Include="SceneManager.h">
      <Filter>소스 파일\01.Utility\Manager</Filter>
    </ClInclude>
    <ClInclude Include="게임프로그래밍 프로젝트.h">
      <Filter>소스 파일\02.Core</Filter>
    </ClInclude>
    <ClInclude Include="TimeManager.h">
      <Filter>소스 파일\01.Utility\Manager</Filter>
    </ClInclude>
    <ClInclude Include="ResourceManager.h">
      <Filter>소스 파일\01.Utility\Manager</Filter>
    </ClInclude>
    <ClInclude Include="Sprite.h">
      <Filter>소스 파일\06.Resource</Filter>
    </ClInclude>
    <ClInclude Include="Color.h">
      <Filter>소스 파일\03.Type</Filter>
    </ClInclude>
    <ClInclude Include="Resource.h">
      <Filter>헤더 파일</Filter>
    </ClInclude>
    <ClInclude Include="PathManager.h">
      <Filter>소스 파일\01.Utility\Manager</Filter>
    </ClInclude>
    <ClInclude Include="Gun.h">
      <Filter>소스 파일\05.Script</Filter>
    </ClInclude>
    <ClInclude Include="Math.h">
      <Filter>소스 파일\01.Utility</Filter>
    </ClInclude>
    <ClInclude Include="Bullet.h">
      <Filter>소스 파일\05.Script</Filter>
    </ClInclude>
    <ClInclude Include="PhysicsManager.h">
      <Filter>소스 파일\01.Utility\Manager</Filter>
    </ClInclude>
    <ClInclude Include="SoundManager.h">
      <Filter>소스 파일\01.Utility\Manager</Filter>
    </ClInclude>
    <ClInclude Include="Slider.h">
      <Filter>헤더 파일</Filter>
    </ClInclude>
    <ClInclude Include="EnemyController.h">
      <Filter>소스 파일\05.Script</Filter>
    </ClInclude>
    <ClInclude Include="Random.h">
      <Filter>소스 파일\01.Utility</Filter>
    </ClInclude>
    <ClInclude Include="EnemySpawnManager.h">
      <Filter>소스 파일\01.Utility\Manager</Filter>
    </ClInclude>
    <ClInclude Include="Item.h">
      <Filter>헤더 파일</Filter>
    </ClInclude>
  </ItemGroup>
  <ItemGroup>
    <ClCompile Include="BaseWindow.cpp">
      <Filter>소스 파일\02.Core</Filter>
    </ClCompile>
    <ClCompile Include="GameLogic.cpp">
      <Filter>소스 파일\02.Core</Filter>
    </ClCompile>
    <ClCompile Include="Scene.cpp">
      <Filter>소스 파일\01.Utility</Filter>
    </ClCompile>
    <ClCompile Include="GameObject.cpp">
      <Filter>소스 파일\04.Object</Filter>
    </ClCompile>
    <ClCompile Include="Collider.cpp">
      <Filter>소스 파일\04.Object\Component</Filter>
    </ClCompile>
    <ClCompile Include="SpriteRendere.cpp">
      <Filter>소스 파일\04.Object\Component</Filter>
    </ClCompile>
    <ClCompile Include="Transform.cpp">
      <Filter>소스 파일\04.Object\Component</Filter>
    </ClCompile>
    <ClCompile Include="Object.cpp">
      <Filter>소스 파일\04.Object</Filter>
    </ClCompile>
    <ClCompile Include="Component.cpp">
      <Filter>소스 파일\04.Object</Filter>
    </ClCompile>
    <ClCompile Include="MonoBehaviour.cpp">
      <Filter>소스 파일\04.Object\Component</Filter>
    </ClCompile>
    <ClCompile Include="PlayerController.cpp">
      <Filter>소스 파일\05.Script</Filter>
    </ClCompile>
    <ClCompile Include="pch.cpp">
      <Filter>소스 파일\01.Utility</Filter>
    </ClCompile>
    <ClCompile Include="InputManager.cpp">
      <Filter>소스 파일\01.Utility\Manager</Filter>
    </ClCompile>
    <ClCompile Include="SceneManager.cpp">
      <Filter>소스 파일\01.Utility\Manager</Filter>
    </ClCompile>
    <ClCompile Include="게임프로그래밍 프로젝트.cpp">
      <Filter>소스 파일\02.Core</Filter>
    </ClCompile>
    <ClCompile Include="TimeManager.cpp">
      <Filter>소스 파일\01.Utility\Manager</Filter>
    </ClCompile>
    <ClCompile Include="ResourceManager.cpp">
      <Filter>소스 파일\01.Utility\Manager</Filter>
    </ClCompile>
    <ClCompile Include="Sprite.cpp">
      <Filter>소스 파일\06.Resource</Filter>
    </ClCompile>
    <ClCompile Include="PathManager.cpp">
      <Filter>소스 파일\01.Utility\Manager</Filter>
    </ClCompile>
    <ClCompile Include="Gun.cpp">
      <Filter>소스 파일\05.Script</Filter>
    </ClCompile>
    <ClCompile Include="Math.cpp">
      <Filter>소스 파일\01.Utility</Filter>
    </ClCompile>
    <ClCompile Include="Bullet.cpp">
      <Filter>소스 파일\05.Script</Filter>
    </ClCompile>
    <ClCompile Include="PhysicsManager.cpp">
      <Filter>소스 파일\01.Utility\Manager</Filter>
    </ClCompile>
    <ClCompile Include="SoundManager.cpp">
      <Filter>소스 파일\01.Utility\Manager</Filter>
    </ClCompile>
    <ClCompile Include="Slider.cpp">
      <Filter>소스 파일</Filter>
    </ClCompile>
    <ClCompile Include="EnemyController.cpp">
      <Filter>소스 파일\05.Script</Filter>
    </ClCompile>
    <ClCompile Include="EnemySpawnManager.cpp">
      <Filter>소스 파일\01.Utility\Manager</Filter>
    </ClCompile>
    <ClCompile Include="Item.cpp">
      <Filter>소스 파일</Filter>
    </ClCompile>
  </ItemGroup>
  <ItemGroup>
    <ResourceCompile Include="게임프로그래밍 프로젝트.rc">
      <Filter>리소스 파일</Filter>
    </ResourceCompile>
  </ItemGroup>
  <ItemGroup>
    <Image Include="small.ico">
      <Filter>리소스 파일</Filter>
    </Image>
    <Image Include="게임프로그래밍 프로젝트.ico">
      <Filter>리소스 파일</Filter>
    </Image>
  </ItemGroup>
</Project>